
Microsoft Visual Studio Solution File, Format Version 12.00
# Visual Studio Version 16
VisualStudioVersion = 16.0.32002.261
MinimumVisualStudioVersion = 10.0.40219.1
Project("{9A19103F-16F7-4668-BE54-9A1E7A4F7556}") = "RansomwareSimulator", "RansomwareSimulator\RansomwareSimulator.csproj", "{8A8E495E-5BB0-4B12-979D-EA64E49EFB39}"
EndProject
Global
	GlobalSection(SolutionConfigurationPlatforms) = preSolution
		Debug|Any CPU = Debug|Any CPU
		Release|Any CPU = Release|Any CPU
	EndGlobalSection
	GlobalSection(ProjectConfigurationPlatforms) = postSolution
		{8A8E495E-5BB0-4B12-979D-EA64E49EFB39}.Debug|Any CPU.ActiveCfg = Debug|Any CPU
		{8A8E495E-5BB0-4B12-979D-EA64E49EFB39}.Debug|Any CPU.Build.0 = Debug|Any CPU
		{8A8E495E-5BB0-4B12-979D-EA64E49EFB39}.Release|Any CPU.ActiveCfg = Release|Any CPU
		{8A8E495E-5BB0-4B12-979D-EA64E49EFB39}.Release|Any CPU.Build.0 = Release|Any CPU
	EndGlobalSection
	GlobalSection(SolutionProperties) = preSolution
		HideSolutionNode = FALSE
	EndGlobalSection
	GlobalSection(ExtensibilityGlobals) = postSolution
		SolutionGuid = {6ADCD821-22D5-4A33-8A4B-6F22447EFDEC}
	EndGlobalSection
EndGlobal
